// !$*UTF8*$!
{
	archiveVersion = 1;
	classes = {
	};
	objectVersion = 42;
	objects = {

/* Begin PBXBuildFile section */
		AF4198720AE9A05D00E19592 /* os_dep.cp in Sources */ = {isa = PBXBuildFile; fileRef = AF4198680AE9A05D00E19592 /* os_dep.cp */; };
		AF4198740AE9A05D00E19592 /* PluginDLLmain.cp in Sources */ = {isa = PBXBuildFile; fileRef = AF4198610AE9A05D00E19592 /* PluginDLLmain.cp */; };
		AF4198750AE9A05D00E19592 /* CPluginDLL.cp in Sources */ = {isa = PBXBuildFile; fileRef = AF4198620AE9A05D00E19592 /* CPluginDLL.cp */; };
		AF4198770AE9A05D00E19592 /* CAdbkIOPluginDLL.cp in Sources */ = {isa = PBXBuildFile; fileRef = AF4198640AE9A05D00E19592 /* CAdbkIOPluginDLL.cp */; };
		AF4198790AE9A05D00E19592 /* CPineAdbkIOPluginDLL.cp in Sources */ = {isa = PBXBuildFile; fileRef = AF4198660AE9A05D00E19592 /* CPineAdbkIOPluginDLL.cp */; };
		AF41987B0AE9A05D00E19592 /* CStringUtils.cp in Sources */ = {isa = PBXBuildFile; fileRef = AF41986A0AE9A05D00E19592 /* CStringUtils.cp */; };
		AF4198800AE9A05E00E19592 /* Carbon.framework in Frameworks */ = {isa = PBXBuildFile; fileRef = AF41987F0AE9A05E00E19592 /* Carbon.framework */; };
/* End PBXBuildFile section */

/* Begin PBXFileReference section */
		AF41985C0AE9A05D00E19592 /* PineAdbkIO.bundle */ = {isa = PBXFileReference; explicitFileType = wrapper.cfbundle; includeInIndex = 0; path = PineAdbkIO.bundle; sourceTree = BUILT_PRODUCTS_DIR; };
		AF4198610AE9A05D00E19592 /* PluginDLLmain.cp */ = {isa = PBXFileReference; lastKnownFileType = sourcecode.cpp.cpp; name = PluginDLLmain.cp; path = ../Common/PluginDLLmain.cp; sourceTree = SOURCE_ROOT; };
		AF4198620AE9A05D00E19592 /* CPluginDLL.cp */ = {isa = PBXFileReference; lastKnownFileType = sourcecode.cpp.cpp; name = CPluginDLL.cp; path = ../Common/CPluginDLL.cp; sourceTree = SOURCE_ROOT; };
		AF4198630AE9A05D00E19592 /* CPluginDLL.h */ = {isa = PBXFileReference; lastKnownFileType = sourcecode.c.h; name = CPluginDLL.h; path = ../Common/CPluginDLL.h; sourceTree = SOURCE_ROOT; };
		AF4198640AE9A05D00E19592 /* CAdbkIOPluginDLL.cp */ = {isa = PBXFileReference; lastKnownFileType = sourcecode.cpp.cpp; name = CAdbkIOPluginDLL.cp; path = ../Common/CAdbkIOPluginDLL.cp; sourceTree = SOURCE_ROOT; };
		AF4198650AE9A05D00E19592 /* CAdbkIOPluginDLL.h */ = {isa = PBXFileReference; lastKnownFileType = sourcecode.c.h; name = CAdbkIOPluginDLL.h; path = ../Common/CAdbkIOPluginDLL.h; sourceTree = SOURCE_ROOT; };
		AF4198660AE9A05D00E19592 /* CPineAdbkIOPluginDLL.cp */ = {isa = PBXFileReference; lastKnownFileType = sourcecode.cpp.cpp; name = CPineAdbkIOPluginDLL.cp; path = sources/CPineAdbkIOPluginDLL.cp; sourceTree = SOURCE_ROOT; };
		AF4198670AE9A05D00E19592 /* CPineAdbkIOPluginDLL.h */ = {isa = PBXFileReference; lastKnownFileType = sourcecode.c.h; name = CPineAdbkIOPluginDLL.h; path = sources/CPineAdbkIOPluginDLL.h; sourceTree = SOURCE_ROOT; };
		AF4198680AE9A05D00E19592 /* os_dep.cp */ = {isa = PBXFileReference; lastKnownFileType = sourcecode.cpp.cpp; name = os_dep.cp; path = ../Common/os_dep.cp; sourceTree = SOURCE_ROOT; };
		AF4198690AE9A05D00E19592 /* os_dep.h */ = {isa = PBXFileReference; lastKnownFileType = sourcecode.c.h; name = os_dep.h; path = ../Common/os_dep.h; sourceTree = SOURCE_ROOT; };
		AF41986A0AE9A05D00E19592 /* CStringUtils.cp */ = {isa = PBXFileReference; lastKnownFileType = sourcecode.cpp.cpp; name = CStringUtils.cp; path = ../../Sources_Common/Utilities/CStringUtils.cp; sourceTree = SOURCE_ROOT; };
		AF41986B0AE9A05D00E19592 /* CStringUtils.h */ = {isa = PBXFileReference; lastKnownFileType = sourcecode.c.h; name = CStringUtils.h; path = ../../Sources_Common/Utilities/CStringUtils.h; sourceTree = SOURCE_ROOT; };
		AF41987F0AE9A05E00E19592 /* Carbon.framework */ = {isa = PBXFileReference; lastKnownFileType = wrapper.framework; name = Carbon.framework; path = /System/Library/Frameworks/Carbon.framework; sourceTree = "<absolute>"; };
		AF4198810AE9A05E00E19592 /* PluginDLLmain.h */ = {isa = PBXFileReference; lastKnownFileType = sourcecode.c.h; name = PluginDLLmain.h; path = sources/PluginDLLmain.h; sourceTree = SOURCE_ROOT; };
		AF4198850AE9A05E00E19592 /* CPluginInfo.h */ = {isa = PBXFileReference; lastKnownFileType = sourcecode.c.h; name = CPluginInfo.h; path = ../Common/CPluginInfo.h; sourceTree = SOURCE_ROOT; };
/* End PBXFileReference section */

/* Begin PBXFrameworksBuildPhase section */
		AF4198590AE9A05D00E19592 /* Frameworks */ = {
			isa = PBXFrameworksBuildPhase;
			buildActionMask = 2147483647;
			files = (
				AF4198800AE9A05E00E19592 /* Carbon.framework in Frameworks */,
			);
			runOnlyForDeploymentPostprocessing = 0;
		};
/* End PBXFrameworksBuildPhase section */

/* Begin PBXGroup section */
		AF41984F0AE9A05D00E19592 = {
			isa = PBXGroup;
			children = (
				AF4198600AE9A05D00E19592 /* Main */,
				AF41987D0AE9A05E00E19592 /* Imported Files */,
				AF41987E0AE9A05E00E19592 /* Frameworks */,
				AF41985D0AE9A05D00E19592 /* Products */,
			);
			sourceTree = "<group>";
		};
		AF41985D0AE9A05D00E19592 /* Products */ = {
			isa = PBXGroup;
			children = (
				AF41985C0AE9A05D00E19592 /* PineAdbkIO.bundle */,
			);
			name = Products;
			sourceTree = "<group>";
		};
		AF4198600AE9A05D00E19592 /* Main */ = {
			isa = PBXGroup;
			children = (
				AF4198610AE9A05D00E19592 /* PluginDLLmain.cp */,
				AF4198630AE9A05D00E19592 /* CPluginDLL.h */,
				AF4198620AE9A05D00E19592 /* CPluginDLL.cp */,
				AF4198650AE9A05D00E19592 /* CAdbkIOPluginDLL.h */,
				AF4198640AE9A05D00E19592 /* CAdbkIOPluginDLL.cp */,
				AF4198670AE9A05D00E19592 /* CPineAdbkIOPluginDLL.h */,
				AF4198660AE9A05D00E19592 /* CPineAdbkIOPluginDLL.cp */,
				AF4198690AE9A05D00E19592 /* os_dep.h */,
				AF4198680AE9A05D00E19592 /* os_dep.cp */,
				AF41986B0AE9A05D00E19592 /* CStringUtils.h */,
				AF41986A0AE9A05D00E19592 /* CStringUtils.cp */,
			);
			name = Main;
			sourceTree = "<group>";
		};
		AF41987D0AE9A05E00E19592 /* Imported Files */ = {
			isa = PBXGroup;
			children = (
				AF4198810AE9A05E00E19592 /* PluginDLLmain.h */,
				AF4198850AE9A05E00E19592 /* CPluginInfo.h */,
			);
			name = "Imported Files";
			sourceTree = "<group>";
		};
		AF41987E0AE9A05E00E19592 /* Frameworks */ = {
			isa = PBXGroup;
			children = (
				AF41987F0AE9A05E00E19592 /* Carbon.framework */,
			);
			name = Frameworks;
			sourceTree = "<group>";
		};
/* End PBXGroup section */

/* Begin PBXNativeTarget section */
		AF41985B0AE9A05D00E19592 /* PineAdbkIO MachO */ = {
			isa = PBXNativeTarget;
			buildConfigurationList = AF41985E0AE9A05D00E19592 /* Build configuration list for PBXNativeTarget "PineAdbkIO MachO" */;
			buildPhases = (
				AF4198570AE9A05D00E19592 /* Sources */,
				AF4198580AE9A05D00E19592 /* Resources */,
				AF4198590AE9A05D00E19592 /* Frameworks */,
				AF41985A0AE9A05D00E19592 /* Rez */,
			);
			buildRules = (
			);
			dependencies = (
			);
			name = "PineAdbkIO MachO";
			productName = "PineAdbkIO MachO";
			productReference = AF41985C0AE9A05D00E19592 /* PineAdbkIO.bundle */;
			productType = "com.apple.product-type.bundle";
		};
/* End PBXNativeTarget section */

/* Begin PBXProject section */
		AF4198510AE9A05D00E19592 /* Project object */ = {
			isa = PBXProject;
			buildConfigurationList = AF4198520AE9A05D00E19592 /* Build configuration list for PBXProject "PineAdbkIO" */;
			compatibilityVersion = "Xcode 2.4";
			hasScannedForEncodings = 0;
			mainGroup = AF41984F0AE9A05D00E19592;
			productRefGroup = AF41985D0AE9A05D00E19592 /* Products */;
			projectDirPath = "";
			projectRoot = "";
			targets = (
				AF41985B0AE9A05D00E19592 /* PineAdbkIO MachO */,
			);
		};
/* End PBXProject section */

/* Begin PBXResourcesBuildPhase section */
		AF4198580AE9A05D00E19592 /* Resources */ = {
			isa = PBXResourcesBuildPhase;
			buildActionMask = 2147483647;
			files = (
			);
			runOnlyForDeploymentPostprocessing = 0;
		};
/* End PBXResourcesBuildPhase section */

/* Begin PBXRezBuildPhase section */
		AF41985A0AE9A05D00E19592 /* Rez */ = {
			isa = PBXRezBuildPhase;
			buildActionMask = 2147483647;
			files = (
			);
			runOnlyForDeploymentPostprocessing = 0;
		};
/* End PBXRezBuildPhase section */

/* Begin PBXSourcesBuildPhase section */
		AF4198570AE9A05D00E19592 /* Sources */ = {
			isa = PBXSourcesBuildPhase;
			buildActionMask = 2147483647;
			files = (
				AF4198720AE9A05D00E19592 /* os_dep.cp in Sources */,
				AF4198740AE9A05D00E19592 /* PluginDLLmain.cp in Sources */,
				AF4198750AE9A05D00E19592 /* CPluginDLL.cp in Sources */,
				AF4198770AE9A05D00E19592 /* CAdbkIOPluginDLL.cp in Sources */,
				AF4198790AE9A05D00E19592 /* CPineAdbkIOPluginDLL.cp in Sources */,
				AF41987B0AE9A05D00E19592 /* CStringUtils.cp in Sources */,
			);
			runOnlyForDeploymentPostprocessing = 0;
		};
/* End PBXSourcesBuildPhase section */

/* Begin XCBuildConfiguration section */
		AF4198530AE9A05D00E19592 /* Debug */ = {
			isa = XCBuildConfiguration;
			buildSettings = {
				SDKROOT = /Developer/SDKs/MacOSX10.5.sdk;
			};
			name = Debug;
		};
		AF41985F0AE9A05D00E19592 /* Debug */ = {
			isa = XCBuildConfiguration;
			buildSettings = {
				ALWAYS_SEARCH_USER_PATHS = NO;
				ARCHS = (
					ppc,
					i386,
				);
				DEBUG_INFORMATION_FORMAT = "dwarf-with-dsym";
				GCC_ALTIVEC_EXTENSIONS = NO;
				GCC_CHAR_IS_UNSIGNED_CHAR = NO;
				GCC_C_LANGUAGE_STANDARD = c99;
				GCC_ENABLE_CPP_RTTI = NO;
				GCC_GENERATE_DEBUGGING_SYMBOLS = YES;
				GCC_OPTIMIZATION_LEVEL = 0;
				GCC_PREFIX_HEADER = ../Common/Plugin_Prefix_MacOSXcode.h;
				GCC_REUSE_STRINGS = YES;
				GCC_SHORT_ENUMS = NO;
				GCC_SYMBOLS_PRIVATE_EXTERN = YES;
				GCC_WARN_ABOUT_MISSING_PROTOTYPES = YES;
				GCC_WARN_HIDDEN_VIRTUAL_FUNCTIONS = NO;
				GCC_WARN_UNKNOWN_PRAGMAS = YES;
				GCC_WARN_UNUSED_PARAMETER = NO;
				GCC_WARN_UNUSED_VARIABLE = NO;
				INFOPLIST_FILE = ../Common/Info.plst;
				INFOPLIST_OTHER_PREPROCESSOR_FLAGS = "-include sources/Info.plst.def -include ../Common/InfoCommon.plst.def";
				INFOPLIST_PREPROCESS = YES;
				OTHER_CFLAGS = "-fno-inline";
				OTHER_LDFLAGS = (
					"-multiply_defined",
					warning,
				);
				PREBINDING = YES;
				PRODUCT_NAME = PineAdbkIO;
				REZ_SCRIPT_TYPE = Roman;
				REZ_SUPPRESS_REDECLARED_RESOURCE_TYPE_WARNINGS = NO;
				STRIP_INSTALLED_PRODUCT = NO;
				WRAPPER_EXTENSION = bundle;
			};
			name = Debug;
		};
/* End XCBuildConfiguration section */

/* Begin XCConfigurationList section */
		AF4198520AE9A05D00E19592 /* Build configuration list for PBXProject "PineAdbkIO" */ = {
			isa = XCConfigurationList;
			buildConfigurations = (
				AF4198530AE9A05D00E19592 /* Debug */,
			);
			defaultConfigurationIsVisible = 1;
			defaultConfigurationName = Debug;
		};
		AF41985E0AE9A05D00E19592 /* Build configuration list for PBXNativeTarget "PineAdbkIO MachO" */ = {
			isa = XCConfigurationList;
			buildConfigurations = (
				AF41985F0AE9A05D00E19592 /* Debug */,
			);
			defaultConfigurationIsVisible = 0;
			defaultConfigurationName = Debug;
		};
/* End XCConfigurationList section */
	};
	rootObject = AF4198510AE9A05D00E19592 /* Project object */;
}
