
Microsoft Visual Studio Solution File, Format Version 9.00
# Visual Studio 2005
Project("{8BC9CEB8-8B4A-11D0-8D11-00A0C91BC942}") = "Mulberry", "Mulberry.vcproj", "{5215D70C-FBAC-4E55-AE4F-E7400CE8CCB7}"
	ProjectSection(ProjectDependencies) = postProject
		{44908954-E9BC-451A-948F-503C34C21459} = {44908954-E9BC-451A-948F-503C34C21459}
		{7F2EA713-8C9E-40FD-B8E9-A16FA100EFB1} = {7F2EA713-8C9E-40FD-B8E9-A16FA100EFB1}
		{D49FFB27-5460-4B71-AFE5-A4819614FE8F} = {D49FFB27-5460-4B71-AFE5-A4819614FE8F}
		{C83D0E2D-8DF5-4386-8E9C-31F16AB14834} = {C83D0E2D-8DF5-4386-8E9C-31F16AB14834}
		{0896B645-32A6-45A8-AE53-0184EF807ABA} = {0896B645-32A6-45A8-AE53-0184EF807ABA}
		{FE83F247-5B3F-4340-9199-837ADA4A3DC8} = {FE83F247-5B3F-4340-9199-837ADA4A3DC8}
		{30F10565-E2D7-43C5-BA6F-1E8008D2E9A1} = {30F10565-E2D7-43C5-BA6F-1E8008D2E9A1}
		{2984B681-27AE-4CA2-8AC5-911F02D3ED71} = {2984B681-27AE-4CA2-8AC5-911F02D3ED71}
		{3067EE83-4924-4845-9555-A68E5C6A9AED} = {3067EE83-4924-4845-9555-A68E5C6A9AED}
		{271F7588-C3AE-4E19-B80A-253375154200} = {271F7588-C3AE-4E19-B80A-253375154200}
		{4325A88C-9A90-4A39-8D18-54A7B30B5B0C} = {4325A88C-9A90-4A39-8D18-54A7B30B5B0C}
		{2021ACB1-9223-4445-8FB1-15F9FD43C9CC} = {2021ACB1-9223-4445-8FB1-15F9FD43C9CC}
		{09D392B6-ADFB-4DBD-8B90-969EA87F4395} = {09D392B6-ADFB-4DBD-8B90-969EA87F4395}
		{112E94B7-051A-4538-800D-C19A63DF9A0A} = {112E94B7-051A-4538-800D-C19A63DF9A0A}
		{4FA83DF0-7E1F-40F0-8E56-A563D5B0C464} = {4FA83DF0-7E1F-40F0-8E56-A563D5B0C464}
	EndProjectSection
EndProject
Project("{8BC9CEB8-8B4A-11D0-8D11-00A0C91BC942}") = "CRAM-MD5", "..\Plug-ins\CRAM-MD5\CRAM-MD5.vcproj", "{2984B681-27AE-4CA2-8AC5-911F02D3ED71}"
EndProject
Project("{8BC9CEB8-8B4A-11D0-8D11-00A0C91BC942}") = "SSL", "..\Plug-ins\SSL\SSL.vcproj", "{09D392B6-ADFB-4DBD-8B90-969EA87F4395}"
	ProjectSection(ProjectDependencies) = postProject
		{0896B645-32A6-45A8-AE53-0184EF807ABA} = {0896B645-32A6-45A8-AE53-0184EF807ABA}
	EndProjectSection
EndProject
Project("{8BC9CEB8-8B4A-11D0-8D11-00A0C91BC942}") = "CommunicatorAdbkIO", "..\Plug-ins\CommunicatorAdbkIO\CommunicatorAdbkIO.vcproj", "{44908954-E9BC-451A-948F-503C34C21459}"
	ProjectSection(ProjectDependencies) = postProject
		{0896B645-32A6-45A8-AE53-0184EF807ABA} = {0896B645-32A6-45A8-AE53-0184EF807ABA}
	EndProjectSection
EndProject
Project("{8BC9CEB8-8B4A-11D0-8D11-00A0C91BC942}") = "DIGEST-MD5", "..\Plug-ins\DIGEST-MD5\DIGEST-MD5.vcproj", "{30F10565-E2D7-43C5-BA6F-1E8008D2E9A1}"
	ProjectSection(ProjectDependencies) = postProject
		{0896B645-32A6-45A8-AE53-0184EF807ABA} = {0896B645-32A6-45A8-AE53-0184EF807ABA}
	EndProjectSection
EndProject
Project("{8BC9CEB8-8B4A-11D0-8D11-00A0C91BC942}") = "vCardAdbkIO", "..\Plug-ins\vCardAdbkIO\vCardAdbkIO.vcproj", "{4325A88C-9A90-4A39-8D18-54A7B30B5B0C}"
	ProjectSection(ProjectDependencies) = postProject
		{0896B645-32A6-45A8-AE53-0184EF807ABA} = {0896B645-32A6-45A8-AE53-0184EF807ABA}
	EndProjectSection
EndProject
Project("{8BC9CEB8-8B4A-11D0-8D11-00A0C91BC942}") = "Eudora4AdbkIO", "..\Plug-ins\Eudora4AdbkIO\Eudora4AdbkIO.vcproj", "{271F7588-C3AE-4E19-B80A-253375154200}"
	ProjectSection(ProjectDependencies) = postProject
		{0896B645-32A6-45A8-AE53-0184EF807ABA} = {0896B645-32A6-45A8-AE53-0184EF807ABA}
	EndProjectSection
EndProject
Project("{8BC9CEB8-8B4A-11D0-8D11-00A0C91BC942}") = "EudoraAdbkIO", "..\Plug-ins\EudoraAdbkIO\EudoraAdbkIO.vcproj", "{112E94B7-051A-4538-800D-C19A63DF9A0A}"
	ProjectSection(ProjectDependencies) = postProject
		{0896B645-32A6-45A8-AE53-0184EF807ABA} = {0896B645-32A6-45A8-AE53-0184EF807ABA}
	EndProjectSection
EndProject
Project("{8BC9CEB8-8B4A-11D0-8D11-00A0C91BC942}") = "NetscapeAdbkIO", "..\Plug-ins\NetscapeAdbkIO\NetscapeAdbkIO.vcproj", "{4FA83DF0-7E1F-40F0-8E56-A563D5B0C464}"
	ProjectSection(ProjectDependencies) = postProject
		{0896B645-32A6-45A8-AE53-0184EF807ABA} = {0896B645-32A6-45A8-AE53-0184EF807ABA}
	EndProjectSection
EndProject
Project("{8BC9CEB8-8B4A-11D0-8D11-00A0C91BC942}") = "OEAdbkIO", "..\Plug-ins\OEAdbkIO\OEAdbkIO.vcproj", "{FE83F247-5B3F-4340-9199-837ADA4A3DC8}"
	ProjectSection(ProjectDependencies) = postProject
		{0896B645-32A6-45A8-AE53-0184EF807ABA} = {0896B645-32A6-45A8-AE53-0184EF807ABA}
	EndProjectSection
EndProject
Project("{8BC9CEB8-8B4A-11D0-8D11-00A0C91BC942}") = "PineAdbkIO", "..\Plug-ins\PineAdbkIO\PineAdbkIO.vcproj", "{C83D0E2D-8DF5-4386-8E9C-31F16AB14834}"
	ProjectSection(ProjectDependencies) = postProject
		{0896B645-32A6-45A8-AE53-0184EF807ABA} = {0896B645-32A6-45A8-AE53-0184EF807ABA}
	EndProjectSection
EndProject
Project("{8BC9CEB8-8B4A-11D0-8D11-00A0C91BC942}") = "QuickmailAdbkIO", "..\Plug-ins\QuickmailAdbkIO\QuickmailAdbkIO.vcproj", "{7F2EA713-8C9E-40FD-B8E9-A16FA100EFB1}"
	ProjectSection(ProjectDependencies) = postProject
		{0896B645-32A6-45A8-AE53-0184EF807ABA} = {0896B645-32A6-45A8-AE53-0184EF807ABA}
	EndProjectSection
EndProject
Project("{8BC9CEB8-8B4A-11D0-8D11-00A0C91BC942}") = "QuickmailProAdbkIO", "..\Plug-ins\QuickmailProAdbkIO\QuickmailProAdbkIO.vcproj", "{3067EE83-4924-4845-9555-A68E5C6A9AED}"
	ProjectSection(ProjectDependencies) = postProject
		{0896B645-32A6-45A8-AE53-0184EF807ABA} = {0896B645-32A6-45A8-AE53-0184EF807ABA}
	EndProjectSection
EndProject
Project("{8BC9CEB8-8B4A-11D0-8D11-00A0C91BC942}") = "GPG", "..\Plug-ins\GPG\GPG.vcproj", "{2021ACB1-9223-4445-8FB1-15F9FD43C9CC}"
	ProjectSection(ProjectDependencies) = postProject
		{0896B645-32A6-45A8-AE53-0184EF807ABA} = {0896B645-32A6-45A8-AE53-0184EF807ABA}
	EndProjectSection
EndProject
Project("{8BC9CEB8-8B4A-11D0-8D11-00A0C91BC942}") = "SMIME", "..\Plug-ins\SMIME\SMIME.vcproj", "{D49FFB27-5460-4B71-AFE5-A4819614FE8F}"
	ProjectSection(ProjectDependencies) = postProject
		{0896B645-32A6-45A8-AE53-0184EF807ABA} = {0896B645-32A6-45A8-AE53-0184EF807ABA}
	EndProjectSection
EndProject
Project("{54435603-DBB4-11D2-8724-00A0C9A8B90C}") = "Mulberry", "Installer\Mulberry\MulberrySetUp.vdproj", "{F4348B05-68D4-4BB3-B53D-222BEB88EBEC}"
	ProjectSection(ProjectDependencies) = postProject
		{5215D70C-FBAC-4E55-AE4F-E7400CE8CCB7} = {5215D70C-FBAC-4E55-AE4F-E7400CE8CCB7}
		{7F2EA713-8C9E-40FD-B8E9-A16FA100EFB1} = {7F2EA713-8C9E-40FD-B8E9-A16FA100EFB1}
		{D49FFB27-5460-4B71-AFE5-A4819614FE8F} = {D49FFB27-5460-4B71-AFE5-A4819614FE8F}
		{C83D0E2D-8DF5-4386-8E9C-31F16AB14834} = {C83D0E2D-8DF5-4386-8E9C-31F16AB14834}
		{0896B645-32A6-45A8-AE53-0184EF807ABA} = {0896B645-32A6-45A8-AE53-0184EF807ABA}
		{FE83F247-5B3F-4340-9199-837ADA4A3DC8} = {FE83F247-5B3F-4340-9199-837ADA4A3DC8}
		{44908954-E9BC-451A-948F-503C34C21459} = {44908954-E9BC-451A-948F-503C34C21459}
		{30F10565-E2D7-43C5-BA6F-1E8008D2E9A1} = {30F10565-E2D7-43C5-BA6F-1E8008D2E9A1}
		{2984B681-27AE-4CA2-8AC5-911F02D3ED71} = {2984B681-27AE-4CA2-8AC5-911F02D3ED71}
		{3067EE83-4924-4845-9555-A68E5C6A9AED} = {3067EE83-4924-4845-9555-A68E5C6A9AED}
		{271F7588-C3AE-4E19-B80A-253375154200} = {271F7588-C3AE-4E19-B80A-253375154200}
		{4325A88C-9A90-4A39-8D18-54A7B30B5B0C} = {4325A88C-9A90-4A39-8D18-54A7B30B5B0C}
		{2021ACB1-9223-4445-8FB1-15F9FD43C9CC} = {2021ACB1-9223-4445-8FB1-15F9FD43C9CC}
		{09D392B6-ADFB-4DBD-8B90-969EA87F4395} = {09D392B6-ADFB-4DBD-8B90-969EA87F4395}
		{112E94B7-051A-4538-800D-C19A63DF9A0A} = {112E94B7-051A-4538-800D-C19A63DF9A0A}
		{4FA83DF0-7E1F-40F0-8E56-A563D5B0C464} = {4FA83DF0-7E1F-40F0-8E56-A563D5B0C464}
	EndProjectSection
EndProject
Project("{8BC9CEB8-8B4A-11D0-8D11-00A0C91BC942}") = "PluginLib", "..\Plug-ins\PluginLibrary\PluginLib.vcproj", "{0896B645-32A6-45A8-AE53-0184EF807ABA}"
EndProject
Global
	GlobalSection(SolutionConfigurationPlatforms) = preSolution
		Debug|Win32 = Debug|Win32
		Release|Win32 = Release|Win32
	EndGlobalSection
	GlobalSection(ProjectConfigurationPlatforms) = postSolution
		{5215D70C-FBAC-4E55-AE4F-E7400CE8CCB7}.Debug|Win32.ActiveCfg = Debug|Win32
		{5215D70C-FBAC-4E55-AE4F-E7400CE8CCB7}.Debug|Win32.Build.0 = Debug|Win32
		{5215D70C-FBAC-4E55-AE4F-E7400CE8CCB7}.Release|Win32.ActiveCfg = Release|Win32
		{5215D70C-FBAC-4E55-AE4F-E7400CE8CCB7}.Release|Win32.Build.0 = Release|Win32
		{2984B681-27AE-4CA2-8AC5-911F02D3ED71}.Debug|Win32.ActiveCfg = Debug|Win32
		{2984B681-27AE-4CA2-8AC5-911F02D3ED71}.Debug|Win32.Build.0 = Debug|Win32
		{2984B681-27AE-4CA2-8AC5-911F02D3ED71}.Release|Win32.ActiveCfg = Release|Win32
		{2984B681-27AE-4CA2-8AC5-911F02D3ED71}.Release|Win32.Build.0 = Release|Win32
		{09D392B6-ADFB-4DBD-8B90-969EA87F4395}.Debug|Win32.ActiveCfg = Debug|Win32
		{09D392B6-ADFB-4DBD-8B90-969EA87F4395}.Debug|Win32.Build.0 = Debug|Win32
		{09D392B6-ADFB-4DBD-8B90-969EA87F4395}.Release|Win32.ActiveCfg = Release|Win32
		{09D392B6-ADFB-4DBD-8B90-969EA87F4395}.Release|Win32.Build.0 = Release|Win32
		{44908954-E9BC-451A-948F-503C34C21459}.Debug|Win32.ActiveCfg = Debug|Win32
		{44908954-E9BC-451A-948F-503C34C21459}.Debug|Win32.Build.0 = Debug|Win32
		{44908954-E9BC-451A-948F-503C34C21459}.Release|Win32.ActiveCfg = Release|Win32
		{44908954-E9BC-451A-948F-503C34C21459}.Release|Win32.Build.0 = Release|Win32
		{30F10565-E2D7-43C5-BA6F-1E8008D2E9A1}.Debug|Win32.ActiveCfg = Debug|Win32
		{30F10565-E2D7-43C5-BA6F-1E8008D2E9A1}.Debug|Win32.Build.0 = Debug|Win32
		{30F10565-E2D7-43C5-BA6F-1E8008D2E9A1}.Release|Win32.ActiveCfg = Release|Win32
		{30F10565-E2D7-43C5-BA6F-1E8008D2E9A1}.Release|Win32.Build.0 = Release|Win32
		{4325A88C-9A90-4A39-8D18-54A7B30B5B0C}.Debug|Win32.ActiveCfg = Debug|Win32
		{4325A88C-9A90-4A39-8D18-54A7B30B5B0C}.Debug|Win32.Build.0 = Debug|Win32
		{4325A88C-9A90-4A39-8D18-54A7B30B5B0C}.Release|Win32.ActiveCfg = Release|Win32
		{4325A88C-9A90-4A39-8D18-54A7B30B5B0C}.Release|Win32.Build.0 = Release|Win32
		{271F7588-C3AE-4E19-B80A-253375154200}.Debug|Win32.ActiveCfg = Debug|Win32
		{271F7588-C3AE-4E19-B80A-253375154200}.Debug|Win32.Build.0 = Debug|Win32
		{271F7588-C3AE-4E19-B80A-253375154200}.Release|Win32.ActiveCfg = Release|Win32
		{271F7588-C3AE-4E19-B80A-253375154200}.Release|Win32.Build.0 = Release|Win32
		{112E94B7-051A-4538-800D-C19A63DF9A0A}.Debug|Win32.ActiveCfg = Debug|Win32
		{112E94B7-051A-4538-800D-C19A63DF9A0A}.Debug|Win32.Build.0 = Debug|Win32
		{112E94B7-051A-4538-800D-C19A63DF9A0A}.Release|Win32.ActiveCfg = Release|Win32
		{112E94B7-051A-4538-800D-C19A63DF9A0A}.Release|Win32.Build.0 = Release|Win32
		{4FA83DF0-7E1F-40F0-8E56-A563D5B0C464}.Debug|Win32.ActiveCfg = Debug|Win32
		{4FA83DF0-7E1F-40F0-8E56-A563D5B0C464}.Debug|Win32.Build.0 = Debug|Win32
		{4FA83DF0-7E1F-40F0-8E56-A563D5B0C464}.Release|Win32.ActiveCfg = Release|Win32
		{4FA83DF0-7E1F-40F0-8E56-A563D5B0C464}.Release|Win32.Build.0 = Release|Win32
		{FE83F247-5B3F-4340-9199-837ADA4A3DC8}.Debug|Win32.ActiveCfg = Debug|Win32
		{FE83F247-5B3F-4340-9199-837ADA4A3DC8}.Debug|Win32.Build.0 = Debug|Win32
		{FE83F247-5B3F-4340-9199-837ADA4A3DC8}.Release|Win32.ActiveCfg = Release|Win32
		{FE83F247-5B3F-4340-9199-837ADA4A3DC8}.Release|Win32.Build.0 = Release|Win32
		{C83D0E2D-8DF5-4386-8E9C-31F16AB14834}.Debug|Win32.ActiveCfg = Debug|Win32
		{C83D0E2D-8DF5-4386-8E9C-31F16AB14834}.Debug|Win32.Build.0 = Debug|Win32
		{C83D0E2D-8DF5-4386-8E9C-31F16AB14834}.Release|Win32.ActiveCfg = Release|Win32
		{C83D0E2D-8DF5-4386-8E9C-31F16AB14834}.Release|Win32.Build.0 = Release|Win32
		{7F2EA713-8C9E-40FD-B8E9-A16FA100EFB1}.Debug|Win32.ActiveCfg = Debug|Win32
		{7F2EA713-8C9E-40FD-B8E9-A16FA100EFB1}.Debug|Win32.Build.0 = Debug|Win32
		{7F2EA713-8C9E-40FD-B8E9-A16FA100EFB1}.Release|Win32.ActiveCfg = Release|Win32
		{7F2EA713-8C9E-40FD-B8E9-A16FA100EFB1}.Release|Win32.Build.0 = Release|Win32
		{3067EE83-4924-4845-9555-A68E5C6A9AED}.Debug|Win32.ActiveCfg = Debug|Win32
		{3067EE83-4924-4845-9555-A68E5C6A9AED}.Debug|Win32.Build.0 = Debug|Win32
		{3067EE83-4924-4845-9555-A68E5C6A9AED}.Release|Win32.ActiveCfg = Release|Win32
		{3067EE83-4924-4845-9555-A68E5C6A9AED}.Release|Win32.Build.0 = Release|Win32
		{2021ACB1-9223-4445-8FB1-15F9FD43C9CC}.Debug|Win32.ActiveCfg = Debug|Win32
		{2021ACB1-9223-4445-8FB1-15F9FD43C9CC}.Debug|Win32.Build.0 = Debug|Win32
		{2021ACB1-9223-4445-8FB1-15F9FD43C9CC}.Release|Win32.ActiveCfg = Release|Win32
		{2021ACB1-9223-4445-8FB1-15F9FD43C9CC}.Release|Win32.Build.0 = Release|Win32
		{D49FFB27-5460-4B71-AFE5-A4819614FE8F}.Debug|Win32.ActiveCfg = Debug|Win32
		{D49FFB27-5460-4B71-AFE5-A4819614FE8F}.Debug|Win32.Build.0 = Debug|Win32
		{D49FFB27-5460-4B71-AFE5-A4819614FE8F}.Release|Win32.ActiveCfg = Release|Win32
		{D49FFB27-5460-4B71-AFE5-A4819614FE8F}.Release|Win32.Build.0 = Release|Win32
		{F4348B05-68D4-4BB3-B53D-222BEB88EBEC}.Debug|Win32.ActiveCfg = Debug
		{F4348B05-68D4-4BB3-B53D-222BEB88EBEC}.Debug|Win32.Build.0 = Debug
		{F4348B05-68D4-4BB3-B53D-222BEB88EBEC}.Release|Win32.ActiveCfg = Release
		{F4348B05-68D4-4BB3-B53D-222BEB88EBEC}.Release|Win32.Build.0 = Release
		{0896B645-32A6-45A8-AE53-0184EF807ABA}.Debug|Win32.ActiveCfg = Debug|Win32
		{0896B645-32A6-45A8-AE53-0184EF807ABA}.Debug|Win32.Build.0 = Debug|Win32
		{0896B645-32A6-45A8-AE53-0184EF807ABA}.Release|Win32.ActiveCfg = Release|Win32
		{0896B645-32A6-45A8-AE53-0184EF807ABA}.Release|Win32.Build.0 = Release|Win32
	EndGlobalSection
	GlobalSection(SolutionProperties) = preSolution
		HideSolutionNode = FALSE
	EndGlobalSection
EndGlobal
