// !$*UTF8*$!
{
	archiveVersion = 1;
	classes = {
	};
	objectVersion = 42;
	objects = {

/* Begin PBXBuildFile section */
		AF4199DA0AE9A7D000E19592 /* PluginDLLmain.cp in Sources */ = {isa = PBXBuildFile; fileRef = AF4199D20AE9A7D000E19592 /* PluginDLLmain.cp */; };
		AF4199DB0AE9A7D000E19592 /* CPluginDLL.cp in Sources */ = {isa = PBXBuildFile; fileRef = AF4199D30AE9A7D000E19592 /* CPluginDLL.cp */; };
		AF4199DD0AE9A7D000E19592 /* CAdbkIOPluginDLL.cp in Sources */ = {isa = PBXBuildFile; fileRef = AF4199D50AE9A7D000E19592 /* CAdbkIOPluginDLL.cp */; };
		AF4199DF0AE9A7D000E19592 /* COutlookExAdbkIOPluginDLL.cp in Sources */ = {isa = PBXBuildFile; fileRef = AF4199D70AE9A7D000E19592 /* COutlookExAdbkIOPluginDLL.cp */; };
		AF4199E10AE9A7D000E19592 /* libPluginLibrary.a in Frameworks */ = {isa = PBXBuildFile; fileRef = AF4199D90AE9A7D000E19592 /* libPluginLibrary.a */; };
		AF4199E50AE9A7D300E19592 /* Carbon.framework in Frameworks */ = {isa = PBXBuildFile; fileRef = AF4199E40AE9A7D300E19592 /* Carbon.framework */; };
/* End PBXBuildFile section */

/* Begin PBXFileReference section */
		AF4199CD0AE9A7D000E19592 /* OEAdbkIO.bundle */ = {isa = PBXFileReference; explicitFileType = wrapper.cfbundle; includeInIndex = 0; path = OEAdbkIO.bundle; sourceTree = BUILT_PRODUCTS_DIR; };
		AF4199D20AE9A7D000E19592 /* PluginDLLmain.cp */ = {isa = PBXFileReference; lastKnownFileType = sourcecode.cpp.cpp; name = PluginDLLmain.cp; path = ../Common/PluginDLLmain.cp; sourceTree = SOURCE_ROOT; };
		AF4199D30AE9A7D000E19592 /* CPluginDLL.cp */ = {isa = PBXFileReference; lastKnownFileType = sourcecode.cpp.cpp; name = CPluginDLL.cp; path = ../Common/CPluginDLL.cp; sourceTree = SOURCE_ROOT; };
		AF4199D40AE9A7D000E19592 /* CPluginDLL.h */ = {isa = PBXFileReference; lastKnownFileType = sourcecode.c.h; name = CPluginDLL.h; path = ../Common/CPluginDLL.h; sourceTree = SOURCE_ROOT; };
		AF4199D50AE9A7D000E19592 /* CAdbkIOPluginDLL.cp */ = {isa = PBXFileReference; lastKnownFileType = sourcecode.cpp.cpp; name = CAdbkIOPluginDLL.cp; path = ../Common/CAdbkIOPluginDLL.cp; sourceTree = SOURCE_ROOT; };
		AF4199D60AE9A7D000E19592 /* CAdbkIOPluginDLL.h */ = {isa = PBXFileReference; lastKnownFileType = sourcecode.c.h; name = CAdbkIOPluginDLL.h; path = ../Common/CAdbkIOPluginDLL.h; sourceTree = SOURCE_ROOT; };
		AF4199D70AE9A7D000E19592 /* COutlookExAdbkIOPluginDLL.cp */ = {isa = PBXFileReference; lastKnownFileType = sourcecode.cpp.cpp; name = COutlookExAdbkIOPluginDLL.cp; path = sources/COutlookExAdbkIOPluginDLL.cp; sourceTree = SOURCE_ROOT; };
		AF4199D80AE9A7D000E19592 /* COutlookExAdbkIOPluginDLL.h */ = {isa = PBXFileReference; lastKnownFileType = sourcecode.c.h; name = COutlookExAdbkIOPluginDLL.h; path = sources/COutlookExAdbkIOPluginDLL.h; sourceTree = SOURCE_ROOT; };
		AF4199D90AE9A7D000E19592 /* libPluginLibrary.a */ = {isa = PBXFileReference; lastKnownFileType = archive.ar; name = libPluginLibrary.a; path = ../PluginLibrary/libPluginLibrary.a; sourceTree = SOURCE_ROOT; };
		AF4199E40AE9A7D300E19592 /* Carbon.framework */ = {isa = PBXFileReference; lastKnownFileType = wrapper.framework; name = Carbon.framework; path = /System/Library/Frameworks/Carbon.framework; sourceTree = "<absolute>"; };
		AF4199E60AE9A7D300E19592 /* PluginDLLmain.h */ = {isa = PBXFileReference; lastKnownFileType = sourcecode.c.h; name = PluginDLLmain.h; path = sources/PluginDLLmain.h; sourceTree = SOURCE_ROOT; };
		AF4199EA0AE9A7D300E19592 /* CPluginInfo.h */ = {isa = PBXFileReference; lastKnownFileType = sourcecode.c.h; name = CPluginInfo.h; path = ../Common/CPluginInfo.h; sourceTree = SOURCE_ROOT; };
		AF4199EC0AE9A7D300E19592 /* CStringUtils.h */ = {isa = PBXFileReference; lastKnownFileType = sourcecode.c.h; name = CStringUtils.h; path = ../../Sources_Common/Utilities/CStringUtils.h; sourceTree = SOURCE_ROOT; };
		AF4199EE0AE9A7D300E19592 /* cdstring.h */ = {isa = PBXFileReference; lastKnownFileType = sourcecode.c.h; name = cdstring.h; path = ../../Sources_Common/Utilities/cdstring.h; sourceTree = SOURCE_ROOT; };
		AF4199F00AE9A7D300E19592 /* CCharSpecials.h */ = {isa = PBXFileReference; lastKnownFileType = sourcecode.c.h; name = CCharSpecials.h; path = ../../Sources_Common/Utilities/CCharSpecials.h; sourceTree = SOURCE_ROOT; };
		AF4199F40AE9A7D300E19592 /* CCharsetCodes.h */ = {isa = PBXFileReference; lastKnownFileType = sourcecode.c.h; name = CCharsetCodes.h; path = ../../Sources_Common/i18n/Charsets/CCharsetCodes.h; sourceTree = SOURCE_ROOT; };
/* End PBXFileReference section */

/* Begin PBXFrameworksBuildPhase section */
		AF4199CA0AE9A7D000E19592 /* Frameworks */ = {
			isa = PBXFrameworksBuildPhase;
			buildActionMask = 2147483647;
			files = (
				AF4199E50AE9A7D300E19592 /* Carbon.framework in Frameworks */,
				AF4199E10AE9A7D000E19592 /* libPluginLibrary.a in Frameworks */,
			);
			runOnlyForDeploymentPostprocessing = 0;
		};
/* End PBXFrameworksBuildPhase section */

/* Begin PBXGroup section */
		AF4199C00AE9A7D000E19592 = {
			isa = PBXGroup;
			children = (
				AF4199D10AE9A7D000E19592 /* Main */,
				AF4199E20AE9A7D300E19592 /* Imported Files */,
				AF4199E30AE9A7D300E19592 /* Frameworks */,
				AF4199CE0AE9A7D000E19592 /* Products */,
			);
			sourceTree = "<group>";
		};
		AF4199CE0AE9A7D000E19592 /* Products */ = {
			isa = PBXGroup;
			children = (
				AF4199CD0AE9A7D000E19592 /* OEAdbkIO.bundle */,
			);
			name = Products;
			sourceTree = "<group>";
		};
		AF4199D10AE9A7D000E19592 /* Main */ = {
			isa = PBXGroup;
			children = (
				AF4199D20AE9A7D000E19592 /* PluginDLLmain.cp */,
				AF4199D40AE9A7D000E19592 /* CPluginDLL.h */,
				AF4199D30AE9A7D000E19592 /* CPluginDLL.cp */,
				AF4199D60AE9A7D000E19592 /* CAdbkIOPluginDLL.h */,
				AF4199D50AE9A7D000E19592 /* CAdbkIOPluginDLL.cp */,
				AF4199D80AE9A7D000E19592 /* COutlookExAdbkIOPluginDLL.h */,
				AF4199D70AE9A7D000E19592 /* COutlookExAdbkIOPluginDLL.cp */,
				AF4199D90AE9A7D000E19592 /* libPluginLibrary.a */,
			);
			name = Main;
			sourceTree = "<group>";
		};
		AF4199E20AE9A7D300E19592 /* Imported Files */ = {
			isa = PBXGroup;
			children = (
				AF4199E60AE9A7D300E19592 /* PluginDLLmain.h */,
				AF4199EA0AE9A7D300E19592 /* CPluginInfo.h */,
				AF4199EC0AE9A7D300E19592 /* CStringUtils.h */,
				AF4199EE0AE9A7D300E19592 /* cdstring.h */,
				AF4199F00AE9A7D300E19592 /* CCharSpecials.h */,
				AF4199F40AE9A7D300E19592 /* CCharsetCodes.h */,
			);
			name = "Imported Files";
			sourceTree = "<group>";
		};
		AF4199E30AE9A7D300E19592 /* Frameworks */ = {
			isa = PBXGroup;
			children = (
				AF4199E40AE9A7D300E19592 /* Carbon.framework */,
			);
			name = Frameworks;
			sourceTree = "<group>";
		};
/* End PBXGroup section */

/* Begin PBXNativeTarget section */
		AF4199CC0AE9A7D000E19592 /* OEAdbkIO MachO */ = {
			isa = PBXNativeTarget;
			buildConfigurationList = AF4199CF0AE9A7D000E19592 /* Build configuration list for PBXNativeTarget "OEAdbkIO MachO" */;
			buildPhases = (
				AF4199C80AE9A7D000E19592 /* Sources */,
				AF4199C90AE9A7D000E19592 /* Resources */,
				AF4199CA0AE9A7D000E19592 /* Frameworks */,
				AF4199CB0AE9A7D000E19592 /* Rez */,
			);
			buildRules = (
			);
			dependencies = (
			);
			name = "OEAdbkIO MachO";
			productName = "OEAdbkIO MachO";
			productReference = AF4199CD0AE9A7D000E19592 /* OEAdbkIO.bundle */;
			productType = "com.apple.product-type.bundle";
		};
/* End PBXNativeTarget section */

/* Begin PBXProject section */
		AF4199C20AE9A7D000E19592 /* Project object */ = {
			isa = PBXProject;
			buildConfigurationList = AF4199C30AE9A7D000E19592 /* Build configuration list for PBXProject "OEAdbkIO" */;
			compatibilityVersion = "Xcode 2.4";
			hasScannedForEncodings = 0;
			mainGroup = AF4199C00AE9A7D000E19592;
			productRefGroup = AF4199CE0AE9A7D000E19592 /* Products */;
			projectDirPath = "";
			projectRoot = "";
			targets = (
				AF4199CC0AE9A7D000E19592 /* OEAdbkIO MachO */,
			);
		};
/* End PBXProject section */

/* Begin PBXResourcesBuildPhase section */
		AF4199C90AE9A7D000E19592 /* Resources */ = {
			isa = PBXResourcesBuildPhase;
			buildActionMask = 2147483647;
			files = (
			);
			runOnlyForDeploymentPostprocessing = 0;
		};
/* End PBXResourcesBuildPhase section */

/* Begin PBXRezBuildPhase section */
		AF4199CB0AE9A7D000E19592 /* Rez */ = {
			isa = PBXRezBuildPhase;
			buildActionMask = 2147483647;
			files = (
			);
			runOnlyForDeploymentPostprocessing = 0;
		};
/* End PBXRezBuildPhase section */

/* Begin PBXSourcesBuildPhase section */
		AF4199C80AE9A7D000E19592 /* Sources */ = {
			isa = PBXSourcesBuildPhase;
			buildActionMask = 2147483647;
			files = (
				AF4199DA0AE9A7D000E19592 /* PluginDLLmain.cp in Sources */,
				AF4199DB0AE9A7D000E19592 /* CPluginDLL.cp in Sources */,
				AF4199DD0AE9A7D000E19592 /* CAdbkIOPluginDLL.cp in Sources */,
				AF4199DF0AE9A7D000E19592 /* COutlookExAdbkIOPluginDLL.cp in Sources */,
			);
			runOnlyForDeploymentPostprocessing = 0;
		};
/* End PBXSourcesBuildPhase section */

/* Begin XCBuildConfiguration section */
		AF4199C40AE9A7D000E19592 /* Debug */ = {
			isa = XCBuildConfiguration;
			buildSettings = {
				SDKROOT = /Developer/SDKs/MacOSX10.5.sdk;
			};
			name = Debug;
		};
		AF4199D00AE9A7D000E19592 /* Debug */ = {
			isa = XCBuildConfiguration;
			buildSettings = {
				ALWAYS_SEARCH_USER_PATHS = NO;
				ARCHS = (
					ppc,
					i386,
				);
				DEBUG_INFORMATION_FORMAT = "dwarf-with-dsym";
				GCC_ALTIVEC_EXTENSIONS = NO;
				GCC_CHAR_IS_UNSIGNED_CHAR = NO;
				GCC_C_LANGUAGE_STANDARD = c99;
				GCC_ENABLE_CPP_RTTI = NO;
				GCC_GENERATE_DEBUGGING_SYMBOLS = YES;
				GCC_INPUT_FILETYPE = sourcecode.cpp.cpp;
				GCC_OPTIMIZATION_LEVEL = 0;
				GCC_PREFIX_HEADER = ../Common/Plugin_Prefix_MacOSXcode.h;
				GCC_REUSE_STRINGS = NO;
				GCC_SHORT_ENUMS = NO;
				GCC_SYMBOLS_PRIVATE_EXTERN = YES;
				GCC_WARN_ABOUT_MISSING_PROTOTYPES = YES;
				GCC_WARN_HIDDEN_VIRTUAL_FUNCTIONS = NO;
				GCC_WARN_UNKNOWN_PRAGMAS = YES;
				GCC_WARN_UNUSED_PARAMETER = NO;
				GCC_WARN_UNUSED_VARIABLE = NO;
				INFOPLIST_FILE = ../Common/Info.plst;
				INFOPLIST_OTHER_PREPROCESSOR_FLAGS = "-include sources/Info.plst.def -include ../Common/InfoCommon.plst.def";
				INFOPLIST_PREPROCESS = YES;
				LIBRARY_SEARCH_PATHS = (
					"$(inherited)",
					"$(LIBRARY_SEARCH_PATHS_QUOTED_1)",
				);
				LIBRARY_SEARCH_PATHS_QUOTED_1 = "\"$(SRCROOT)/../PluginLibrary\"";
				OTHER_CFLAGS = "-fno-inline";
				OTHER_LDFLAGS = (
					"-multiply_defined",
					warning,
				);
				PREBINDING = YES;
				PRODUCT_NAME = OEAdbkIO;
				REZ_SCRIPT_TYPE = Roman;
				REZ_SUPPRESS_REDECLARED_RESOURCE_TYPE_WARNINGS = NO;
				STRIP_INSTALLED_PRODUCT = NO;
				WRAPPER_EXTENSION = bundle;
			};
			name = Debug;
		};
/* End XCBuildConfiguration section */

/* Begin XCConfigurationList section */
		AF4199C30AE9A7D000E19592 /* Build configuration list for PBXProject "OEAdbkIO" */ = {
			isa = XCConfigurationList;
			buildConfigurations = (
				AF4199C40AE9A7D000E19592 /* Debug */,
			);
			defaultConfigurationIsVisible = 1;
			defaultConfigurationName = Debug;
		};
		AF4199CF0AE9A7D000E19592 /* Build configuration list for PBXNativeTarget "OEAdbkIO MachO" */ = {
			isa = XCConfigurationList;
			buildConfigurations = (
				AF4199D00AE9A7D000E19592 /* Debug */,
			);
			defaultConfigurationIsVisible = 0;
			defaultConfigurationName = Debug;
		};
/* End XCConfigurationList section */
	};
	rootObject = AF4199C20AE9A7D000E19592 /* Project object */;
}
